
Microsoft Visual Studio Solution File, Format Version 12.00
# Visual Studio Version 16
VisualStudioVersion = 16.0.30717.126
MinimumVisualStudioVersion = 10.0.40219.1
Project("{FAE04EC0-301F-11D3-BF4B-00C04F79EFBC}") = "lesson1-HelloWorld", "lesson1-HelloWorld\lesson1-HelloWorld.csproj", "{9EA51CBA-2C52-41AA-BBC9-E16089D24062}"
EndProject
Global
	GlobalSection(SolutionConfigurationPlatforms) = preSolution
		Debug|Any CPU = Debug|Any CPU
		Release|Any CPU = Release|Any CPU
	EndGlobalSection
	GlobalSection(ProjectConfigurationPlatforms) = postSolution
		{9EA51CBA-2C52-41AA-BBC9-E16089D24062}.Debug|Any CPU.ActiveCfg = Debug|Any CPU
		{9EA51CBA-2C52-41AA-BBC9-E16089D24062}.Debug|Any CPU.Build.0 = Debug|Any CPU
		{9EA51CBA-2C52-41AA-BBC9-E16089D24062}.Release|Any CPU.ActiveCfg = Release|Any CPU
		{9EA51CBA-2C52-41AA-BBC9-E16089D24062}.Release|Any CPU.Build.0 = Release|Any CPU
	EndGlobalSection
	GlobalSection(SolutionProperties) = preSolution
		HideSolutionNode = FALSE
	EndGlobalSection
	GlobalSection(ExtensibilityGlobals) = postSolution
		SolutionGuid = {719077C2-8309-4E52-963F-C8443F73F5B9}
	EndGlobalSection
EndGlobal
